
Microsoft Visual Studio Solution File, Format Version 12.00
# Visual Studio Version 16
VisualStudioVersion = 16.0.33027.164
MinimumVisualStudioVersion = 10.0.40219.1
Project("{FAE04EC0-301F-11D3-BF4B-00C04F79EFBC}") = "OODProject", "OODProject.csproj", "{015E8309-64E5-4D67-942E-80A636BED0E9}"
EndProject
Global
	GlobalSection(SolutionConfigurationPlatforms) = preSolution
		Debug|Any CPU = Debug|Any CPU
		Release|Any CPU = Release|Any CPU
	EndGlobalSection
	GlobalSection(ProjectConfigurationPlatforms) = postSolution
		{015E8309-64E5-4D67-942E-80A636BED0E9}.Debug|Any CPU.ActiveCfg = Debug|Any CPU
		{015E8309-64E5-4D67-942E-80A636BED0E9}.Debug|Any CPU.Build.0 = Debug|Any CPU
		{015E8309-64E5-4D67-942E-80A636BED0E9}.Release|Any CPU.ActiveCfg = Release|Any CPU
		{015E8309-64E5-4D67-942E-80A636BED0E9}.Release|Any CPU.Build.0 = Release|Any CPU
	EndGlobalSection
	GlobalSection(SolutionProperties) = preSolution
		HideSolutionNode = FALSE
	EndGlobalSection
	GlobalSection(ExtensibilityGlobals) = postSolution
		SolutionGuid = {8311A76C-2CD6-4904-B82D-573517C8EC12}
	EndGlobalSection
EndGlobal
